
Microsoft Visual Studio Solution File, Format Version 12.00
# Visual Studio Version 16
VisualStudioVersion = 16.0.33529.622
MinimumVisualStudioVersion = 10.0.40219.1
Project("{2150E333-8FDC-42A3-9474-1A3956D46DE8}") = "Services", "Services", "{4474C789-EB2C-48F7-84D8-A669E58FFAC0}"
EndProject
Project("{2150E333-8FDC-42A3-9474-1A3956D46DE8}") = "WebApps", "WebApps", "{36D77AC8-2D7C-4650-9FD3-34E675B39F63}"
EndProject
Project("{2150E333-8FDC-42A3-9474-1A3956D46DE8}") = "Cadastros", "Cadastros", "{79A9C81D-F109-424F-A4B9-7320D88B9A39}"
EndProject
Project("{2150E333-8FDC-42A3-9474-1A3956D46DE8}") = "Catalogo", "Catalogo", "{3AF3369F-FC1C-4DC3-B39E-96A002ECF246}"
EndProject
Project("{2150E333-8FDC-42A3-9474-1A3956D46DE8}") = "Core", "Core", "{6DB4EA11-B1BD-4AED-90AD-23B011C36F96}"
EndProject
Project("{2150E333-8FDC-42A3-9474-1A3956D46DE8}") = "Fiscal", "Fiscal", "{4896FFF8-E599-44B6-A510-AA9B894B6F34}"
EndProject
Project("{2150E333-8FDC-42A3-9474-1A3956D46DE8}") = "Pagamentos", "Pagamentos", "{7E638F7B-64AF-4A40-B988-8DDAE7DEC81C}"
EndProject
Project("{2150E333-8FDC-42A3-9474-1A3956D46DE8}") = "Vendas", "Vendas", "{3E58F68F-9BDF-45EB-952C-39F0881B2565}"
EndProject
Project("{9A19103F-16F7-4668-BE54-9A1E7A4F7556}") = "NerdStore.Catalogo.Domain", "src\NerdStore.Catalogo.Domain\NerdStore.Catalogo.Domain.csproj", "{C635FDA5-4647-45B0-B128-ECF771B737C7}"
EndProject
Project("{9A19103F-16F7-4668-BE54-9A1E7A4F7556}") = "NerdStore.Core", "src\NerdStore.Core\NerdStore.Core.csproj", "{1EAEE28E-DEEA-423E-A605-28530056A3FD}"
EndProject
Project("{2150E333-8FDC-42A3-9474-1A3956D46DE8}") = "Tests", "Tests", "{F8D07485-E783-4A4B-95EC-AB889D972214}"
EndProject
Project("{9A19103F-16F7-4668-BE54-9A1E7A4F7556}") = "NerdStore.Catalogo.Domain.Tests", "tests\NerdStore.Catalogo.Domain.Tests\NerdStore.Catalogo.Domain.Tests.csproj", "{7805DE30-DEF8-427B-A8C1-F0D77BE9AFEF}"
EndProject
Project("{9A19103F-16F7-4668-BE54-9A1E7A4F7556}") = "NerdStore.Catalogo.Data", "src\NerdStore.Catalogo.Data\NerdStore.Catalogo.Data.csproj", "{5F261C8C-65C6-4537-BE24-C2CDF62E6631}"
EndProject
Project("{9A19103F-16F7-4668-BE54-9A1E7A4F7556}") = "NerdStore.Catalogo.Application", "src\NerdStore.Catalogo.Application\NerdStore.Catalogo.Application.csproj", "{5A9293E1-32EC-4AC7-9720-10F95F8F8F2F}"
EndProject
Project("{9A19103F-16F7-4668-BE54-9A1E7A4F7556}") = "NerdStore.WebApp.MVC", "src\NerdStore.WebApp.MVC\NerdStore.WebApp.MVC.csproj", "{94D5033B-ECE1-4E04-9E3B-3A95E08FB832}"
EndProject
Project("{9A19103F-16F7-4668-BE54-9A1E7A4F7556}") = "NerdStore.Vendas.Domain", "src\NerdStore.Vendas.Domain\NerdStore.Vendas.Domain.csproj", "{796D2B70-D662-488C-969A-1C457AD71E6A}"
EndProject
Project("{9A19103F-16F7-4668-BE54-9A1E7A4F7556}") = "NerdStore.Vendas.Application", "src\NerdStore.Vendas.Application\NerdStore.Vendas.Application.csproj", "{30AE768D-EBCD-40AA-8854-59ECA8A1094B}"
EndProject
Project("{9A19103F-16F7-4668-BE54-9A1E7A4F7556}") = "NerdStore.Vendas.Data", "src\NerdStore.Vendas.Data\NerdStore.Vendas.Data.csproj", "{DE92D4F1-418C-41FB-AB82-A66B583B3822}"
EndProject
Project("{9A19103F-16F7-4668-BE54-9A1E7A4F7556}") = "NerdStore.Pagamentos.AntiCorruption", "src\NerdStore.Pagamentos.AntiCorruption\NerdStore.Pagamentos.AntiCorruption.csproj", "{141628E9-CC46-46D4-9A12-A5462738092C}"
EndProject
Project("{9A19103F-16F7-4668-BE54-9A1E7A4F7556}") = "NerdStore.Pagamentos.Business", "src\NerdStore.Pagamentos.Business\NerdStore.Pagamentos.Business.csproj", "{6BAC5B3D-AA20-412D-B088-A69FB73D95C8}"
EndProject
Project("{9A19103F-16F7-4668-BE54-9A1E7A4F7556}") = "NerdStore.Pagamentos.Data", "src\NerdStore.Pagamentos.Data\NerdStore.Pagamentos.Data.csproj", "{D7388C9B-5203-43D7-B21F-69F7FBF0C815}"
EndProject
Project("{2150E333-8FDC-42A3-9474-1A3956D46DE8}") = "BuildingBlocks", "BuildingBlocks", "{3B13F4D5-B014-4A30-BC69-E39D3489FF1B}"
EndProject
Project("{FAE04EC0-301F-11D3-BF4B-00C04F79EFBC}") = "EventSourcing", "src\EventSourcing\EventSourcing.csproj", "{7939DCDE-BE68-4156-982B-AD1DC847F942}"
EndProject
Global
	GlobalSection(SolutionConfigurationPlatforms) = preSolution
		Debug|Any CPU = Debug|Any CPU
		Release|Any CPU = Release|Any CPU
	EndGlobalSection
	GlobalSection(ProjectConfigurationPlatforms) = postSolution
		{C635FDA5-4647-45B0-B128-ECF771B737C7}.Debug|Any CPU.ActiveCfg = Debug|Any CPU
		{C635FDA5-4647-45B0-B128-ECF771B737C7}.Debug|Any CPU.Build.0 = Debug|Any CPU
		{C635FDA5-4647-45B0-B128-ECF771B737C7}.Release|Any CPU.ActiveCfg = Release|Any CPU
		{C635FDA5-4647-45B0-B128-ECF771B737C7}.Release|Any CPU.Build.0 = Release|Any CPU
		{1EAEE28E-DEEA-423E-A605-28530056A3FD}.Debug|Any CPU.ActiveCfg = Debug|Any CPU
		{1EAEE28E-DEEA-423E-A605-28530056A3FD}.Debug|Any CPU.Build.0 = Debug|Any CPU
		{1EAEE28E-DEEA-423E-A605-28530056A3FD}.Release|Any CPU.ActiveCfg = Release|Any CPU
		{1EAEE28E-DEEA-423E-A605-28530056A3FD}.Release|Any CPU.Build.0 = Release|Any CPU
		{7805DE30-DEF8-427B-A8C1-F0D77BE9AFEF}.Debug|Any CPU.ActiveCfg = Debug|Any CPU
		{7805DE30-DEF8-427B-A8C1-F0D77BE9AFEF}.Debug|Any CPU.Build.0 = Debug|Any CPU
		{7805DE30-DEF8-427B-A8C1-F0D77BE9AFEF}.Release|Any CPU.ActiveCfg = Release|Any CPU
		{7805DE30-DEF8-427B-A8C1-F0D77BE9AFEF}.Release|Any CPU.Build.0 = Release|Any CPU
		{5F261C8C-65C6-4537-BE24-C2CDF62E6631}.Debug|Any CPU.ActiveCfg = Debug|Any CPU
		{5F261C8C-65C6-4537-BE24-C2CDF62E6631}.Debug|Any CPU.Build.0 = Debug|Any CPU
		{5F261C8C-65C6-4537-BE24-C2CDF62E6631}.Release|Any CPU.ActiveCfg = Release|Any CPU
		{5F261C8C-65C6-4537-BE24-C2CDF62E6631}.Release|Any CPU.Build.0 = Release|Any CPU
		{5A9293E1-32EC-4AC7-9720-10F95F8F8F2F}.Debug|Any CPU.ActiveCfg = Debug|Any CPU
		{5A9293E1-32EC-4AC7-9720-10F95F8F8F2F}.Debug|Any CPU.Build.0 = Debug|Any CPU
		{5A9293E1-32EC-4AC7-9720-10F95F8F8F2F}.Release|Any CPU.ActiveCfg = Release|Any CPU
		{5A9293E1-32EC-4AC7-9720-10F95F8F8F2F}.Release|Any CPU.Build.0 = Release|Any CPU
		{94D5033B-ECE1-4E04-9E3B-3A95E08FB832}.Debug|Any CPU.ActiveCfg = Debug|Any CPU
		{94D5033B-ECE1-4E04-9E3B-3A95E08FB832}.Debug|Any CPU.Build.0 = Debug|Any CPU
		{94D5033B-ECE1-4E04-9E3B-3A95E08FB832}.Release|Any CPU.ActiveCfg = Release|Any CPU
		{94D5033B-ECE1-4E04-9E3B-3A95E08FB832}.Release|Any CPU.Build.0 = Release|Any CPU
		{796D2B70-D662-488C-969A-1C457AD71E6A}.Debug|Any CPU.ActiveCfg = Debug|Any CPU
		{796D2B70-D662-488C-969A-1C457AD71E6A}.Debug|Any CPU.Build.0 = Debug|Any CPU
		{796D2B70-D662-488C-969A-1C457AD71E6A}.Release|Any CPU.ActiveCfg = Release|Any CPU
		{796D2B70-D662-488C-969A-1C457AD71E6A}.Release|Any CPU.Build.0 = Release|Any CPU
		{30AE768D-EBCD-40AA-8854-59ECA8A1094B}.Debug|Any CPU.ActiveCfg = Debug|Any CPU
		{30AE768D-EBCD-40AA-8854-59ECA8A1094B}.Debug|Any CPU.Build.0 = Debug|Any CPU
		{30AE768D-EBCD-40AA-8854-59ECA8A1094B}.Release|Any CPU.ActiveCfg = Release|Any CPU
		{30AE768D-EBCD-40AA-8854-59ECA8A1094B}.Release|Any CPU.Build.0 = Release|Any CPU
		{DE92D4F1-418C-41FB-AB82-A66B583B3822}.Debug|Any CPU.ActiveCfg = Debug|Any CPU
		{DE92D4F1-418C-41FB-AB82-A66B583B3822}.Debug|Any CPU.Build.0 = Debug|Any CPU
		{DE92D4F1-418C-41FB-AB82-A66B583B3822}.Release|Any CPU.ActiveCfg = Release|Any CPU
		{DE92D4F1-418C-41FB-AB82-A66B583B3822}.Release|Any CPU.Build.0 = Release|Any CPU
		{141628E9-CC46-46D4-9A12-A5462738092C}.Debug|Any CPU.ActiveCfg = Debug|Any CPU
		{141628E9-CC46-46D4-9A12-A5462738092C}.Debug|Any CPU.Build.0 = Debug|Any CPU
		{141628E9-CC46-46D4-9A12-A5462738092C}.Release|Any CPU.ActiveCfg = Release|Any CPU
		{141628E9-CC46-46D4-9A12-A5462738092C}.Release|Any CPU.Build.0 = Release|Any CPU
		{6BAC5B3D-AA20-412D-B088-A69FB73D95C8}.Debug|Any CPU.ActiveCfg = Debug|Any CPU
		{6BAC5B3D-AA20-412D-B088-A69FB73D95C8}.Debug|Any CPU.Build.0 = Debug|Any CPU
		{6BAC5B3D-AA20-412D-B088-A69FB73D95C8}.Release|Any CPU.ActiveCfg = Release|Any CPU
		{6BAC5B3D-AA20-412D-B088-A69FB73D95C8}.Release|Any CPU.Build.0 = Release|Any CPU
		{D7388C9B-5203-43D7-B21F-69F7FBF0C815}.Debug|Any CPU.ActiveCfg = Debug|Any CPU
		{D7388C9B-5203-43D7-B21F-69F7FBF0C815}.Debug|Any CPU.Build.0 = Debug|Any CPU
		{D7388C9B-5203-43D7-B21F-69F7FBF0C815}.Release|Any CPU.ActiveCfg = Release|Any CPU
		{D7388C9B-5203-43D7-B21F-69F7FBF0C815}.Release|Any CPU.Build.0 = Release|Any CPU
		{7939DCDE-BE68-4156-982B-AD1DC847F942}.Debug|Any CPU.ActiveCfg = Debug|Any CPU
		{7939DCDE-BE68-4156-982B-AD1DC847F942}.Debug|Any CPU.Build.0 = Debug|Any CPU
		{7939DCDE-BE68-4156-982B-AD1DC847F942}.Release|Any CPU.ActiveCfg = Release|Any CPU
		{7939DCDE-BE68-4156-982B-AD1DC847F942}.Release|Any CPU.Build.0 = Release|Any CPU
	EndGlobalSection
	GlobalSection(SolutionProperties) = preSolution
		HideSolutionNode = FALSE
	EndGlobalSection
	GlobalSection(NestedProjects) = preSolution
		{79A9C81D-F109-424F-A4B9-7320D88B9A39} = {4474C789-EB2C-48F7-84D8-A669E58FFAC0}
		{3AF3369F-FC1C-4DC3-B39E-96A002ECF246} = {4474C789-EB2C-48F7-84D8-A669E58FFAC0}
		{6DB4EA11-B1BD-4AED-90AD-23B011C36F96} = {4474C789-EB2C-48F7-84D8-A669E58FFAC0}
		{4896FFF8-E599-44B6-A510-AA9B894B6F34} = {4474C789-EB2C-48F7-84D8-A669E58FFAC0}
		{7E638F7B-64AF-4A40-B988-8DDAE7DEC81C} = {4474C789-EB2C-48F7-84D8-A669E58FFAC0}
		{3E58F68F-9BDF-45EB-952C-39F0881B2565} = {4474C789-EB2C-48F7-84D8-A669E58FFAC0}
		{C635FDA5-4647-45B0-B128-ECF771B737C7} = {3AF3369F-FC1C-4DC3-B39E-96A002ECF246}
		{1EAEE28E-DEEA-423E-A605-28530056A3FD} = {6DB4EA11-B1BD-4AED-90AD-23B011C36F96}
		{F8D07485-E783-4A4B-95EC-AB889D972214} = {3AF3369F-FC1C-4DC3-B39E-96A002ECF246}
		{7805DE30-DEF8-427B-A8C1-F0D77BE9AFEF} = {F8D07485-E783-4A4B-95EC-AB889D972214}
		{5F261C8C-65C6-4537-BE24-C2CDF62E6631} = {3AF3369F-FC1C-4DC3-B39E-96A002ECF246}
		{5A9293E1-32EC-4AC7-9720-10F95F8F8F2F} = {3AF3369F-FC1C-4DC3-B39E-96A002ECF246}
		{94D5033B-ECE1-4E04-9E3B-3A95E08FB832} = {36D77AC8-2D7C-4650-9FD3-34E675B39F63}
		{796D2B70-D662-488C-969A-1C457AD71E6A} = {3E58F68F-9BDF-45EB-952C-39F0881B2565}
		{30AE768D-EBCD-40AA-8854-59ECA8A1094B} = {3E58F68F-9BDF-45EB-952C-39F0881B2565}
		{DE92D4F1-418C-41FB-AB82-A66B583B3822} = {3E58F68F-9BDF-45EB-952C-39F0881B2565}
		{141628E9-CC46-46D4-9A12-A5462738092C} = {7E638F7B-64AF-4A40-B988-8DDAE7DEC81C}
		{6BAC5B3D-AA20-412D-B088-A69FB73D95C8} = {7E638F7B-64AF-4A40-B988-8DDAE7DEC81C}
		{D7388C9B-5203-43D7-B21F-69F7FBF0C815} = {7E638F7B-64AF-4A40-B988-8DDAE7DEC81C}
		{7939DCDE-BE68-4156-982B-AD1DC847F942} = {3B13F4D5-B014-4A30-BC69-E39D3489FF1B}
	EndGlobalSection
	GlobalSection(ExtensibilityGlobals) = postSolution
		SolutionGuid = {939B3D6E-F000-477B-84D7-4E1919D2BD01}
	EndGlobalSection
EndGlobal
